
Microsoft Visual Studio Solution File, Format Version 12.00
# Visual Studio Version 16
VisualStudioVersion = 16.0.31729.503
MinimumVisualStudioVersion = 10.0.40219.1
Project("{9A19103F-16F7-4668-BE54-9A1E7A4F7556}") = "Pjus.Data", "src\Pjus.Data\Pjus.Data.csproj", "{BC17402D-C2D4-4EB4-A438-BC776FC963F9}"
EndProject
Project("{9A19103F-16F7-4668-BE54-9A1E7A4F7556}") = "Pjus.Business", "src\Pjus.Business\Pjus.Business.csproj", "{8E1898BD-192C-4F12-88D2-C8BDE26AA1D6}"
EndProject
Project("{9A19103F-16F7-4668-BE54-9A1E7A4F7556}") = "Pjus.Api", "src\Pjus.Api\Pjus.Api.csproj", "{5C58E48C-432C-471F-967C-3E127DD6C27E}"
EndProject
Global
	GlobalSection(SolutionConfigurationPlatforms) = preSolution
		Debug|Any CPU = Debug|Any CPU
		Release|Any CPU = Release|Any CPU
	EndGlobalSection
	GlobalSection(ProjectConfigurationPlatforms) = postSolution
		{BC17402D-C2D4-4EB4-A438-BC776FC963F9}.Debug|Any CPU.ActiveCfg = Debug|Any CPU
		{BC17402D-C2D4-4EB4-A438-BC776FC963F9}.Debug|Any CPU.Build.0 = Debug|Any CPU
		{BC17402D-C2D4-4EB4-A438-BC776FC963F9}.Release|Any CPU.ActiveCfg = Release|Any CPU
		{BC17402D-C2D4-4EB4-A438-BC776FC963F9}.Release|Any CPU.Build.0 = Release|Any CPU
		{8E1898BD-192C-4F12-88D2-C8BDE26AA1D6}.Debug|Any CPU.ActiveCfg = Debug|Any CPU
		{8E1898BD-192C-4F12-88D2-C8BDE26AA1D6}.Debug|Any CPU.Build.0 = Debug|Any CPU
		{8E1898BD-192C-4F12-88D2-C8BDE26AA1D6}.Release|Any CPU.ActiveCfg = Release|Any CPU
		{8E1898BD-192C-4F12-88D2-C8BDE26AA1D6}.Release|Any CPU.Build.0 = Release|Any CPU
		{5C58E48C-432C-471F-967C-3E127DD6C27E}.Debug|Any CPU.ActiveCfg = Debug|Any CPU
		{5C58E48C-432C-471F-967C-3E127DD6C27E}.Debug|Any CPU.Build.0 = Debug|Any CPU
		{5C58E48C-432C-471F-967C-3E127DD6C27E}.Release|Any CPU.ActiveCfg = Release|Any CPU
		{5C58E48C-432C-471F-967C-3E127DD6C27E}.Release|Any CPU.Build.0 = Release|Any CPU
	EndGlobalSection
	GlobalSection(SolutionProperties) = preSolution
		HideSolutionNode = FALSE
	EndGlobalSection
	GlobalSection(ExtensibilityGlobals) = postSolution
		SolutionGuid = {DC66CFCC-C0CF-4C3C-A6E7-D3FF463FC0A7}
	EndGlobalSection
EndGlobal
